
Microsoft Visual Studio Solution File, Format Version 12.00
# Visual Studio Version 17
VisualStudioVersion = 17.11.35222.181
MinimumVisualStudioVersion = 10.0.40219.1
Project("{FAE04EC0-301F-11D3-BF4B-00C04F79EFBC}") = "EBPS.Api", "EBPS.Api\EBPS.Api.csproj", "{9FE35CA7-E3C4-4E00-8121-872BC6482A85}"
EndProject
Project("{FAE04EC0-301F-11D3-BF4B-00C04F79EFBC}") = "EBPS.Domain", "EBPS.Domain\EBPS.Domain.csproj", "{73097219-A2E2-4E69-B8E0-6AC3B716C44D}"
EndProject
Project("{FAE04EC0-301F-11D3-BF4B-00C04F79EFBC}") = "EBPS.Application", "EBPS.Application\EBPS.Application.csproj", "{3A69CBC6-9F80-4F26-A69E-B3FCB73BBA28}"
EndProject
Project("{FAE04EC0-301F-11D3-BF4B-00C04F79EFBC}") = "EBPS.Infrastructure", "EBPS.Infrastructure\EBPS.Infrastructure.csproj", "{670EDB08-6408-4D32-8083-1478748AC014}"
EndProject
Project("{FAE04EC0-301F-11D3-BF4B-00C04F79EFBC}") = "EBPS.Contract", "EBPS.Contract\EBPS.Contract.csproj", "{567AAA48-7ECA-4E23-9CCD-C54465655109}"
EndProject
Global
	GlobalSection(SolutionConfigurationPlatforms) = preSolution
		Debug|Any CPU = Debug|Any CPU
		Release|Any CPU = Release|Any CPU
	EndGlobalSection
	GlobalSection(ProjectConfigurationPlatforms) = postSolution
		{9FE35CA7-E3C4-4E00-8121-872BC6482A85}.Debug|Any CPU.ActiveCfg = Debug|Any CPU
		{9FE35CA7-E3C4-4E00-8121-872BC6482A85}.Debug|Any CPU.Build.0 = Debug|Any CPU
		{9FE35CA7-E3C4-4E00-8121-872BC6482A85}.Release|Any CPU.ActiveCfg = Release|Any CPU
		{9FE35CA7-E3C4-4E00-8121-872BC6482A85}.Release|Any CPU.Build.0 = Release|Any CPU
		{73097219-A2E2-4E69-B8E0-6AC3B716C44D}.Debug|Any CPU.ActiveCfg = Debug|Any CPU
		{73097219-A2E2-4E69-B8E0-6AC3B716C44D}.Debug|Any CPU.Build.0 = Debug|Any CPU
		{73097219-A2E2-4E69-B8E0-6AC3B716C44D}.Release|Any CPU.ActiveCfg = Release|Any CPU
		{73097219-A2E2-4E69-B8E0-6AC3B716C44D}.Release|Any CPU.Build.0 = Release|Any CPU
		{3A69CBC6-9F80-4F26-A69E-B3FCB73BBA28}.Debug|Any CPU.ActiveCfg = Debug|Any CPU
		{3A69CBC6-9F80-4F26-A69E-B3FCB73BBA28}.Debug|Any CPU.Build.0 = Debug|Any CPU
		{3A69CBC6-9F80-4F26-A69E-B3FCB73BBA28}.Release|Any CPU.ActiveCfg = Release|Any CPU
		{3A69CBC6-9F80-4F26-A69E-B3FCB73BBA28}.Release|Any CPU.Build.0 = Release|Any CPU
		{670EDB08-6408-4D32-8083-1478748AC014}.Debug|Any CPU.ActiveCfg = Debug|Any CPU
		{670EDB08-6408-4D32-8083-1478748AC014}.Debug|Any CPU.Build.0 = Debug|Any CPU
		{670EDB08-6408-4D32-8083-1478748AC014}.Release|Any CPU.ActiveCfg = Release|Any CPU
		{670EDB08-6408-4D32-8083-1478748AC014}.Release|Any CPU.Build.0 = Release|Any CPU
		{567AAA48-7ECA-4E23-9CCD-C54465655109}.Debug|Any CPU.ActiveCfg = Debug|Any CPU
		{567AAA48-7ECA-4E23-9CCD-C54465655109}.Debug|Any CPU.Build.0 = Debug|Any CPU
		{567AAA48-7ECA-4E23-9CCD-C54465655109}.Release|Any CPU.ActiveCfg = Release|Any CPU
		{567AAA48-7ECA-4E23-9CCD-C54465655109}.Release|Any CPU.Build.0 = Release|Any CPU
	EndGlobalSection
	GlobalSection(SolutionProperties) = preSolution
		HideSolutionNode = FALSE
	EndGlobalSection
	GlobalSection(ExtensibilityGlobals) = postSolution
		SolutionGuid = {AE1C816F-49D9-41D0-BE55-890218FE46D5}
	EndGlobalSection
EndGlobal
